
Microsoft Visual Studio Solution File, Format Version 12.00
# Visual Studio 15
VisualStudioVersion = 15.0.28307.572
MinimumVisualStudioVersion = 10.0.40219.1
Project("{FAE04EC0-301F-11D3-BF4B-00C04F79EFBC}") = "PasswordGenerator", "PasswordGenerator\PasswordGenerator.csproj", "{EA46F868-F795-4958-B379-AA2470028631}"
EndProject
Project("{FAE04EC0-301F-11D3-BF4B-00C04F79EFBC}") = "PasswordGenerator.WPF", "PasswordGenerator.WPF\PasswordGenerator.WPF.csproj", "{893C74E2-1313-4502-A035-C93E5079A13D}"
	ProjectSection(ProjectDependencies) = postProject
		{EA46F868-F795-4958-B379-AA2470028631} = {EA46F868-F795-4958-B379-AA2470028631}
	EndProjectSection
EndProject
Global
	GlobalSection(SolutionConfigurationPlatforms) = preSolution
		Debug|Any CPU = Debug|Any CPU
		Release|Any CPU = Release|Any CPU
	EndGlobalSection
	GlobalSection(ProjectConfigurationPlatforms) = postSolution
		{EA46F868-F795-4958-B379-AA2470028631}.Debug|Any CPU.ActiveCfg = Debug|Any CPU
		{EA46F868-F795-4958-B379-AA2470028631}.Debug|Any CPU.Build.0 = Debug|Any CPU
		{EA46F868-F795-4958-B379-AA2470028631}.Release|Any CPU.ActiveCfg = Release|Any CPU
		{EA46F868-F795-4958-B379-AA2470028631}.Release|Any CPU.Build.0 = Release|Any CPU
		{893C74E2-1313-4502-A035-C93E5079A13D}.Debug|Any CPU.ActiveCfg = Debug|Any CPU
		{893C74E2-1313-4502-A035-C93E5079A13D}.Debug|Any CPU.Build.0 = Debug|Any CPU
		{893C74E2-1313-4502-A035-C93E5079A13D}.Release|Any CPU.ActiveCfg = Release|Any CPU
		{893C74E2-1313-4502-A035-C93E5079A13D}.Release|Any CPU.Build.0 = Release|Any CPU
	EndGlobalSection
	GlobalSection(SolutionProperties) = preSolution
		HideSolutionNode = FALSE
	EndGlobalSection
	GlobalSection(ExtensibilityGlobals) = postSolution
		SolutionGuid = {01919821-35CA-49AF-ADA5-C063803A9A13}
	EndGlobalSection
EndGlobal
